
Microsoft Visual Studio Solution File, Format Version 12.00
# Visual Studio Version 17
VisualStudioVersion = 17.3.32901.215
MinimumVisualStudioVersion = 10.0.40219.1
Project("{9A19103F-16F7-4668-BE54-9A1E7A4F7556}") = "SistemaGestionWebOptimized", "SistemaGestionWEB\SistemaGestionWebOptimized.csproj", "{A5E37050-FCCB-4D80-842F-E2D8EA5D7951}"
EndProject
Global
	GlobalSection(SolutionConfigurationPlatforms) = preSolution
		Debug|Any CPU = Debug|Any CPU
		Release|Any CPU = Release|Any CPU
	EndGlobalSection
	GlobalSection(ProjectConfigurationPlatforms) = postSolution
		{A5E37050-FCCB-4D80-842F-E2D8EA5D7951}.Debug|Any CPU.ActiveCfg = Debug|Any CPU
		{A5E37050-FCCB-4D80-842F-E2D8EA5D7951}.Debug|Any CPU.Build.0 = Debug|Any CPU
		{A5E37050-FCCB-4D80-842F-E2D8EA5D7951}.Release|Any CPU.ActiveCfg = Release|Any CPU
		{A5E37050-FCCB-4D80-842F-E2D8EA5D7951}.Release|Any CPU.Build.0 = Release|Any CPU
	EndGlobalSection
	GlobalSection(SolutionProperties) = preSolution
		HideSolutionNode = FALSE
	EndGlobalSection
	GlobalSection(ExtensibilityGlobals) = postSolution
		SolutionGuid = {B20FE283-8E92-4196-BDDB-DE3829FCED90}
	EndGlobalSection
EndGlobal
